
Microsoft Visual Studio Solution File, Format Version 12.00
# Visual Studio Version 16
VisualStudioVersion = 16.0.29911.84
MinimumVisualStudioVersion = 10.0.40219.1
Project("{FAE04EC0-301F-11D3-BF4B-00C04F79EFBC}") = "TP_03_Module_05", "TP_03_Module_05\TP_03_Module_05.csproj", "{BA12127C-F6AD-4689-971B-8D8CF27AAAD0}"
EndProject
Global
	GlobalSection(SolutionConfigurationPlatforms) = preSolution
		Debug|Any CPU = Debug|Any CPU
		Release|Any CPU = Release|Any CPU
	EndGlobalSection
	GlobalSection(ProjectConfigurationPlatforms) = postSolution
		{BA12127C-F6AD-4689-971B-8D8CF27AAAD0}.Debug|Any CPU.ActiveCfg = Debug|Any CPU
		{BA12127C-F6AD-4689-971B-8D8CF27AAAD0}.Debug|Any CPU.Build.0 = Debug|Any CPU
		{BA12127C-F6AD-4689-971B-8D8CF27AAAD0}.Release|Any CPU.ActiveCfg = Release|Any CPU
		{BA12127C-F6AD-4689-971B-8D8CF27AAAD0}.Release|Any CPU.Build.0 = Release|Any CPU
	EndGlobalSection
	GlobalSection(SolutionProperties) = preSolution
		HideSolutionNode = FALSE
	EndGlobalSection
	GlobalSection(ExtensibilityGlobals) = postSolution
		SolutionGuid = {34605C21-3B72-4781-B47D-A35A0B859C41}
	EndGlobalSection
EndGlobal
